github.com/phpdave11/gofpdi v1.0.14-0.20211212211723-1f10f9844311 h1:zyWXQ6vu27ETMpYsEMAsisQ+GqJ4e1TPvSNfdOPF0no=
github.com/phpdave11/gofpdi v1.0.14-0.20211212211723-1f10f9844311/go.mod h1:vBmVV0Do6hSBHC8uKUQ71JGW+ZGQq74llk/7bXwjDoI=
github.com/pkg/errors v0.8.1/go.mod h1:bwawxfHBFNV+L2hUp1rHADufV3IMtnDRdf1r5NINEl0=
github.com/pkg/errors v0.9.1 h1:FEBLx1zS214owpjy7qsBeixbURkuhQAwrK5UwLGTwt4=
github.com/pkg/errors v0.9.1/go.mod h1:bwawxfHBFNV+L2hUp1rHADufV3IMtnDRdf1r5NINEl0=
github.com/signintech/gopdf v0.16.1 h1:p+JjxLsz4ploSmFAruCbYM3c7Hp+jEL3DWZm5SO8bAU=
github.com/signintech/gopdf v0.16.1/go.mod h1:wrLtZoWaRNrS4hphED0oflFoa6IWkOu6M3nJjm4VbO4=
github.com/xyproto/env v1.9.1 h1:RSWzKrNYEcK+Tvk2fu5eHYW5ENq19tYzbHLWfA7fx5s=
github.com/xyproto/env v1.9.1/go.mod h1:quJdc4lLgEPSzrCRBZDFAptJIjm0fBDZiA1t9shxc7c=
